{
  "requires": true,
  "lockfileVersion": 1,
  "dependencies": {
    "bootstrap-less-port": {
      "version": "0.3.0",
      "resolved": "https://registry.npmjs.org/bootstrap-less-port/-/bootstrap-less-port-0.3.0.tgz",
      "integrity": "sha512-08aP3FZ7QQ0muffrYguACtN06dfkYvPI6yZEmXSZ3T7VfPD0mVT60lcM4pEW0we3W7BTUlhqYHCGTXrUzWbYoA=="
    }
  }
}
